// !$*UTF8*$!
{
	archiveVersion = 1;
	classes = {
	};
	objectVersion = 46;
	objects = {

/* Begin PBXBuildFile section */
		1A3ABBF3ED604347F567CC19 /* Pods_GrippedAthletics.framework in Frameworks */ = {isa = PBXBuildFile; fileRef = AB513FD8FACE262FD8277CC6 /* Pods_GrippedAthletics.framework */; };
		570974B31DFB54CC00D355B9 /* UserDefaults.swift in Sources */ = {isa = PBXBuildFile; fileRef = 570974B21DFB54CC00D355B9 /* UserDefaults.swift */; };
		570974B51DFB58B300D355B9 /* NSError.swift in Sources */ = {isa = PBXBuildFile; fileRef = 570974B41DFB58B300D355B9 /* NSError.swift */; };
		5713E3311DF5F17700D06A8A /* AuthFlowViewController.swift in Sources */ = {isa = PBXBuildFile; fileRef = 5713E3301DF5F17700D06A8A /* AuthFlowViewController.swift */; };
		571C7F7F1DBBD09A0071DB04 /* AppDelegate.swift in Sources */ = {isa = PBXBuildFile; fileRef = 571C7F7E1DBBD09A0071DB04 /* AppDelegate.swift */; };
		571C7F891DBBD09A0071DB04 /* Assets.xcassets in Resources */ = {isa = PBXBuildFile; fileRef = 571C7F881DBBD09A0071DB04 /* Assets.xcassets */; };
		571C7F971DBBD09A0071DB04 /* GrippedAthleticsTests.swift in Sources */ = {isa = PBXBuildFile; fileRef = 571C7F961DBBD09A0071DB04 /* GrippedAthleticsTests.swift */; };
		571C7FA21DBBD09A0071DB04 /* GrippedAthleticsUITests.swift in Sources */ = {isa = PBXBuildFile; fileRef = 571C7FA11DBBD09A0071DB04 /* GrippedAthleticsUITests.swift */; };
		571C7FD81DBBD5800071DB04 /* CoreData.framework in Frameworks */ = {isa = PBXBuildFile; fileRef = 571C7FD71DBBD5800071DB04 /* CoreData.framework */; };
		571C7FDF1DBBDC400071DB04 /* GrippedAthletics.xcdatamodeld in Sources */ = {isa = PBXBuildFile; fileRef = 571C7FDA1DBBDC400071DB04 /* GrippedAthletics.xcdatamodeld */; };
		571C7FE31DBBFBB20071DB04 /* DataStore.swift in Sources */ = {isa = PBXBuildFile; fileRef = 571C7FE21DBBFBB20071DB04 /* DataStore.swift */; };
		5758E57E1DF9C95500121110 /* KeyStore.swift in Sources */ = {isa = PBXBuildFile; fileRef = 5758E57D1DF9C95500121110 /* KeyStore.swift */; };
		5758E5801DF9E9DC00121110 /* Futures.swift in Sources */ = {isa = PBXBuildFile; fileRef = 5758E57F1DF9E9DC00121110 /* Futures.swift */; };
		579DE2B71DBC112C00D71875 /* HomeViewController.swift in Sources */ = {isa = PBXBuildFile; fileRef = 579DE2B31DBC112C00D71875 /* HomeViewController.swift */; };
		579DE2B81DBC112C00D71875 /* HomeViewController.swift in Sources */ = {isa = PBXBuildFile; fileRef = 579DE2B31DBC112C00D71875 /* HomeViewController.swift */; };
		579DE2B91DBC112C00D71875 /* HomeViewController.swift in Sources */ = {isa = PBXBuildFile; fileRef = 579DE2B31DBC112C00D71875 /* HomeViewController.swift */; };
		579DE2BB1DBC114A00D71875 /* UIViewController.swift in Sources */ = {isa = PBXBuildFile; fileRef = 579DE2BA1DBC114A00D71875 /* UIViewController.swift */; };
		579DE2BC1DBC114A00D71875 /* UIViewController.swift in Sources */ = {isa = PBXBuildFile; fileRef = 579DE2BA1DBC114A00D71875 /* UIViewController.swift */; };
		579DE2BD1DBC114A00D71875 /* UIViewController.swift in Sources */ = {isa = PBXBuildFile; fileRef = 579DE2BA1DBC114A00D71875 /* UIViewController.swift */; };
		579DE2BF1DBC11AF00D71875 /* UIStoryboard.swift in Sources */ = {isa = PBXBuildFile; fileRef = 579DE2BE1DBC11AF00D71875 /* UIStoryboard.swift */; };
		579DE2C01DBC11AF00D71875 /* UIStoryboard.swift in Sources */ = {isa = PBXBuildFile; fileRef = 579DE2BE1DBC11AF00D71875 /* UIStoryboard.swift */; };
		579DE2C11DBC11AF00D71875 /* UIStoryboard.swift in Sources */ = {isa = PBXBuildFile; fileRef = 579DE2BE1DBC11AF00D71875 /* UIStoryboard.swift */; };
		579DE2C71DBC1BC100D71875 /* LaunchScreen.storyboard in Resources */ = {isa = PBXBuildFile; fileRef = 579DE2C31DBC1BC100D71875 /* LaunchScreen.storyboard */; };
		579DE2C81DBC1BC100D71875 /* Main.storyboard in Resources */ = {isa = PBXBuildFile; fileRef = 579DE2C51DBC1BC100D71875 /* Main.storyboard */; };
		579DE2CB1DBC1BE900D71875 /* Auth.storyboard in Resources */ = {isa = PBXBuildFile; fileRef = 579DE2C91DBC1BE900D71875 /* Auth.storyboard */; };
		579DE2D01DBC1D3300D71875 /* Config.swift in Sources */ = {isa = PBXBuildFile; fileRef = 579DE2CF1DBC1D3300D71875 /* Config.swift */; };
		579DE2D31DBC1DDD00D71875 /* Auth.swift in Sources */ = {isa = PBXBuildFile; fileRef = 579DE2D21DBC1DDD00D71875 /* Auth.swift */; };
		579DE2D61DBC259E00D71875 /* MenuViewController.swift in Sources */ = {isa = PBXBuildFile; fileRef = 579DE2D51DBC259E00D71875 /* MenuViewController.swift */; };
		579DE2D81DBC25C000D71875 /* ProfileViewController.swift in Sources */ = {isa = PBXBuildFile; fileRef = 579DE2D71DBC25C000D71875 /* ProfileViewController.swift */; };
		579DE2DC1DBC279800D71875 /* MainViewController.swift in Sources */ = {isa = PBXBuildFile; fileRef = 579DE2DB1DBC279800D71875 /* MainViewController.swift */; };
		57CF08F71DFA317700BFCDB8 /* FacebookLinkPasswordEntryViewController.swift in Sources */ = {isa = PBXBuildFile; fileRef = 57CF08F61DFA317700BFCDB8 /* FacebookLinkPasswordEntryViewController.swift */; };
		57D87E521DE0C2F1000435E5 /* GoogleService-Info.plist in Resources */ = {isa = PBXBuildFile; fileRef = 57D87E511DE0C2F1000435E5 /* GoogleService-Info.plist */; };
		57D87E671DE28A58000435E5 /* AuthPromptViewController.swift in Sources */ = {isa = PBXBuildFile; fileRef = 57D87E601DE28A58000435E5 /* AuthPromptViewController.swift */; };
		57D87E681DE28A58000435E5 /* AuthTextFieldViewController.swift in Sources */ = {isa = PBXBuildFile; fileRef = 57D87E611DE28A58000435E5 /* AuthTextFieldViewController.swift */; };
		57D87E6B1DE28A58000435E5 /* SignInViewController.swift in Sources */ = {isa = PBXBuildFile; fileRef = 57D87E641DE28A58000435E5 /* SignInViewController.swift */; };
		57D87E6C1DE28A58000435E5 /* SignUpConfirmViewController.swift in Sources */ = {isa = PBXBuildFile; fileRef = 57D87E651DE28A58000435E5 /* SignUpConfirmViewController.swift */; };
		57D87E6D1DE28A58000435E5 /* SignUpViewController.swift in Sources */ = {isa = PBXBuildFile; fileRef = 57D87E661DE28A58000435E5 /* SignUpViewController.swift */; };
		5F40405D26362043B8771F11 /* Pods_GrippedAthleticsTests.framework in Frameworks */ = {isa = PBXBuildFile; fileRef = C5A7D3F0158D13EE4C6645D8 /* Pods_GrippedAthleticsTests.framework */; };
		62A4E8121EED1517A7228B66 /* Pods_GrippedAthleticsUITests.framework in Frameworks */ = {isa = PBXBuildFile; fileRef = D4F142B5A23D496C87665BE3 /* Pods_GrippedAthleticsUITests.framework */; };
/* End PBXBuildFile section */

/* Begin PBXContainerItemProxy section */
		571C7F931DBBD09A0071DB04 /* PBXContainerItemProxy */ = {
			isa = PBXContainerItemProxy;
			containerPortal = 571C7F731DBBD09A0071DB04 /* Project object */;
			proxyType = 1;
			remoteGlobalIDString = 571C7F7A1DBBD09A0071DB04;
			remoteInfo = GrippedAthletics;
		};
		571C7F9E1DBBD09A0071DB04 /* PBXContainerItemProxy */ = {
			isa = PBXContainerItemProxy;
			containerPortal = 571C7F731DBBD09A0071DB04 /* Project object */;
			proxyType = 1;
			remoteGlobalIDString = 571C7F7A1DBBD09A0071DB04;
			remoteInfo = GrippedAthletics;
		};
/* End PBXContainerItemProxy section */

/* Begin PBXFileReference section */
		22E159F69006E254A59FA459 /* Pods-GrippedAthletics.release.xcconfig */ = {isa = PBXFileReference; includeInIndex = 1; lastKnownFileType = text.xcconfig; name = "Pods-GrippedAthletics.release.xcconfig"; path = "Pods/Target Support Files/Pods-GrippedAthletics/Pods-GrippedAthletics.release.xcconfig"; sourceTree = "<group>"; };
		241352108402B74476496D70 /* Pods-GrippedAthletics.debug.xcconfig */ = {isa = PBXFileReference; includeInIndex = 1; lastKnownFileType = text.xcconfig; name = "Pods-GrippedAthletics.debug.xcconfig"; path = "Pods/Target Support Files/Pods-GrippedAthletics/Pods-GrippedAthletics.debug.xcconfig"; sourceTree = "<group>"; };
		570974B21DFB54CC00D355B9 /* UserDefaults.swift */ = {isa = PBXFileReference; fileEncoding = 4; lastKnownFileType = sourcecode.swift; path = UserDefaults.swift; sourceTree = "<group>"; };
		570974B41DFB58B300D355B9 /* NSError.swift */ = {isa = PBXFileReference; fileEncoding = 4; lastKnownFileType = sourcecode.swift; path = NSError.swift; sourceTree = "<group>"; };
		5713E3301DF5F17700D06A8A /* AuthFlowViewController.swift */ = {isa = PBXFileReference; fileEncoding = 4; lastKnownFileType = sourcecode.swift; path = AuthFlowViewController.swift; sourceTree = "<group>"; };
		571C7F7B1DBBD09A0071DB04 /* GrippedAthletics.app */ = {isa = PBXFileReference; explicitFileType = wrapper.application; includeInIndex = 0; path = GrippedAthletics.app; sourceTree = BUILT_PRODUCTS_DIR; };
		571C7F7E1DBBD09A0071DB04 /* AppDelegate.swift */ = {isa = PBXFileReference; lastKnownFileType = sourcecode.swift; path = AppDelegate.swift; sourceTree = "<group>"; };
		571C7F881DBBD09A0071DB04 /* Assets.xcassets */ = {isa = PBXFileReference; lastKnownFileType = folder.assetcatalog; path = Assets.xcassets; sourceTree = "<group>"; };
		571C7F8D1DBBD09A0071DB04 /* Info.plist */ = {isa = PBXFileReference; lastKnownFileType = text.plist.xml; path = Info.plist; sourceTree = "<group>"; };
		571C7F921DBBD09A0071DB04 /* GrippedAthleticsTests.xctest */ = {isa = PBXFileReference; explicitFileType = wrapper.cfbundle; includeInIndex = 0; path = GrippedAthleticsTests.xctest; sourceTree = BUILT_PRODUCTS_DIR; };
		571C7F961DBBD09A0071DB04 /* GrippedAthleticsTests.swift */ = {isa = PBXFileReference; lastKnownFileType = sourcecode.swift; path = GrippedAthleticsTests.swift; sourceTree = "<group>"; };
		571C7F981DBBD09A0071DB04 /* Info.plist */ = {isa = PBXFileReference; lastKnownFileType = text.plist.xml; path = Info.plist; sourceTree = "<group>"; };
		571C7F9D1DBBD09A0071DB04 /* GrippedAthleticsUITests.xctest */ = {isa = PBXFileReference; explicitFileType = wrapper.cfbundle; includeInIndex = 0; path = GrippedAthleticsUITests.xctest; sourceTree = BUILT_PRODUCTS_DIR; };
		571C7FA11DBBD09A0071DB04 /* GrippedAthleticsUITests.swift */ = {isa = PBXFileReference; lastKnownFileType = sourcecode.swift; path = GrippedAthleticsUITests.swift; sourceTree = "<group>"; };
		571C7FA31DBBD09A0071DB04 /* Info.plist */ = {isa = PBXFileReference; lastKnownFileType = text.plist.xml; path = Info.plist; sourceTree = "<group>"; };
		571C7FD71DBBD5800071DB04 /* CoreData.framework */ = {isa = PBXFileReference; lastKnownFileType = wrapper.framework; name = CoreData.framework; path = System/Library/Frameworks/CoreData.framework; sourceTree = SDKROOT; };
		571C7FDB1DBBDC400071DB04 /* GrippedAthletics.xcdatamodel */ = {isa = PBXFileReference; lastKnownFileType = wrapper.xcdatamodel; path = GrippedAthletics.xcdatamodel; sourceTree = "<group>"; };
		571C7FE21DBBFBB20071DB04 /* DataStore.swift */ = {isa = PBXFileReference; fileEncoding = 4; lastKnownFileType = sourcecode.swift; path = DataStore.swift; sourceTree = "<group>"; };
		5758E57D1DF9C95500121110 /* KeyStore.swift */ = {isa = PBXFileReference; fileEncoding = 4; lastKnownFileType = sourcecode.swift; path = KeyStore.swift; sourceTree = "<group>"; };
		5758E57F1DF9E9DC00121110 /* Futures.swift */ = {isa = PBXFileReference; fileEncoding = 4; lastKnownFileType = sourcecode.swift; name = Futures.swift; path = GrippedAthletics/Auth/Futures.swift; sourceTree = SOURCE_ROOT; };
		579DE2B31DBC112C00D71875 /* HomeViewController.swift */ = {isa = PBXFileReference; fileEncoding = 4; lastKnownFileType = sourcecode.swift; path = HomeViewController.swift; sourceTree = "<group>"; };
		579DE2BA1DBC114A00D71875 /* UIViewController.swift */ = {isa = PBXFileReference; fileEncoding = 4; lastKnownFileType = sourcecode.swift; path = UIViewController.swift; sourceTree = "<group>"; };
		579DE2BE1DBC11AF00D71875 /* UIStoryboard.swift */ = {isa = PBXFileReference; fileEncoding = 4; lastKnownFileType = sourcecode.swift; path = UIStoryboard.swift; sourceTree = "<group>"; };
		579DE2C41DBC1BC100D71875 /* Base */ = {isa = PBXFileReference; lastKnownFileType = file.storyboard; name = Base; path = LaunchScreen.storyboard; sourceTree = "<group>"; };
		579DE2C61DBC1BC100D71875 /* Base */ = {isa = PBXFileReference; lastKnownFileType = file.storyboard; name = Base; path = Main.storyboard; sourceTree = "<group>"; };
		579DE2CA1DBC1BE900D71875 /* Base */ = {isa = PBXFileReference; lastKnownFileType = file.storyboard; name = Base; path = Auth.storyboard; sourceTree = "<group>"; };
		579DE2CF1DBC1D3300D71875 /* Config.swift */ = {isa = PBXFileReference; fileEncoding = 4; lastKnownFileType = sourcecode.swift; path = Config.swift; sourceTree = "<group>"; };
		579DE2D21DBC1DDD00D71875 /* Auth.swift */ = {isa = PBXFileReference; fileEncoding = 4; lastKnownFileType = sourcecode.swift; path = Auth.swift; sourceTree = "<group>"; };
		579DE2D51DBC259E00D71875 /* MenuViewController.swift */ = {isa = PBXFileReference; fileEncoding = 4; lastKnownFileType = sourcecode.swift; path = MenuViewController.swift; sourceTree = "<group>"; };
		579DE2D71DBC25C000D71875 /* ProfileViewController.swift */ = {isa = PBXFileReference; fileEncoding = 4; lastKnownFileType = sourcecode.swift; path = ProfileViewController.swift; sourceTree = "<group>"; };
		579DE2DB1DBC279800D71875 /* MainViewController.swift */ = {isa = PBXFileReference; fileEncoding = 4; lastKnownFileType = sourcecode.swift; path = MainViewController.swift; sourceTree = "<group>"; };
		57CF08F61DFA317700BFCDB8 /* FacebookLinkPasswordEntryViewController.swift */ = {isa = PBXFileReference; fileEncoding = 4; lastKnownFileType = sourcecode.swift; path = FacebookLinkPasswordEntryViewController.swift; sourceTree = "<group>"; };
		57D87E511DE0C2F1000435E5 /* GoogleService-Info.plist */ = {isa = PBXFileReference; fileEncoding = 4; lastKnownFileType = text.plist.xml; path = "GoogleService-Info.plist"; sourceTree = "<group>"; };
		57D87E601DE28A58000435E5 /* AuthPromptViewController.swift */ = {isa = PBXFileReference; fileEncoding = 4; lastKnownFileType = sourcecode.swift; path = AuthPromptViewController.swift; sourceTree = "<group>"; };
		57D87E611DE28A58000435E5 /* AuthTextFieldViewController.swift */ = {isa = PBXFileReference; fileEncoding = 4; lastKnownFileType = sourcecode.swift; path = AuthTextFieldViewController.swift; sourceTree = "<group>"; };
		57D87E641DE28A58000435E5 /* SignInViewController.swift */ = {isa = PBXFileReference; fileEncoding = 4; lastKnownFileType = sourcecode.swift; path = SignInViewController.swift; sourceTree = "<group>"; };
		57D87E651DE28A58000435E5 /* SignUpConfirmViewController.swift */ = {isa = PBXFileReference; fileEncoding = 4; lastKnownFileType = sourcecode.swift; path = SignUpConfirmViewController.swift; sourceTree = "<group>"; };
		57D87E661DE28A58000435E5 /* SignUpViewController.swift */ = {isa = PBXFileReference; fileEncoding = 4; lastKnownFileType = sourcecode.swift; path = SignUpViewController.swift; sourceTree = "<group>"; };
		78C37B8AFD3E694A44C7233B /* Pods-GrippedAthleticsTests.release.xcconfig */ = {isa = PBXFileReference; includeInIndex = 1; lastKnownFileType = text.xcconfig; name = "Pods-GrippedAthleticsTests.release.xcconfig"; path = "Pods/Target Support Files/Pods-GrippedAthleticsTests/Pods-GrippedAthleticsTests.release.xcconfig"; sourceTree = "<group>"; };
		9260C71F94BF267EA2669A81 /* Pods-GrippedAthleticsTests.debug.xcconfig */ = {isa = PBXFileReference; includeInIndex = 1; lastKnownFileType = text.xcconfig; name = "Pods-GrippedAthleticsTests.debug.xcconfig"; path = "Pods/Target Support Files/Pods-GrippedAthleticsTests/Pods-GrippedAthleticsTests.debug.xcconfig"; sourceTree = "<group>"; };
		9F95B1F2A6C91DC9B976F298 /* Pods-GrippedAthleticsUITests.debug.xcconfig */ = {isa = PBXFileReference; includeInIndex = 1; lastKnownFileType = text.xcconfig; name = "Pods-GrippedAthleticsUITests.debug.xcconfig"; path = "Pods/Target Support Files/Pods-GrippedAthleticsUITests/Pods-GrippedAthleticsUITests.debug.xcconfig"; sourceTree = "<group>"; };
		AB513FD8FACE262FD8277CC6 /* Pods_GrippedAthletics.framework */ = {isa = PBXFileReference; explicitFileType = wrapper.framework; includeInIndex = 0; path = Pods_GrippedAthletics.framework; sourceTree = BUILT_PRODUCTS_DIR; };
		C5A7D3F0158D13EE4C6645D8 /* Pods_GrippedAthleticsTests.framework */ = {isa = PBXFileReference; explicitFileType = wrapper.framework; includeInIndex = 0; path = Pods_GrippedAthleticsTests.framework; sourceTree = BUILT_PRODUCTS_DIR; };
		D4F142B5A23D496C87665BE3 /* Pods_GrippedAthleticsUITests.framework */ = {isa = PBXFileReference; explicitFileType = wrapper.framework; includeInIndex = 0; path = Pods_GrippedAthleticsUITests.framework; sourceTree = BUILT_PRODUCTS_DIR; };
		EE5728FDCA3F9FAA6E6EA44C /* Pods-GrippedAthleticsUITests.release.xcconfig */ = {isa = PBXFileReference; includeInIndex = 1; lastKnownFileType = text.xcconfig; name = "Pods-GrippedAthleticsUITests.release.xcconfig"; path = "Pods/Target Support Files/Pods-GrippedAthleticsUITests/Pods-GrippedAthleticsUITests.release.xcconfig"; sourceTree = "<group>"; };
/* End PBXFileReference section */

/* Begin PBXFrameworksBuildPhase section */
		571C7F781DBBD09A0071DB04 /* Frameworks */ = {
			isa = PBXFrameworksBuildPhase;
			buildActionMask = 2147483647;
			files = (
				571C7FD81DBBD5800071DB04 /* CoreData.framework in Frameworks */,
				1A3ABBF3ED604347F567CC19 /* Pods_GrippedAthletics.framework in Frameworks */,
			);
			runOnlyForDeploymentPostprocessing = 0;
		};
		571C7F8F1DBBD09A0071DB04 /* Frameworks */ = {
			isa = PBXFrameworksBuildPhase;
			buildActionMask = 2147483647;
			files = (
				5F40405D26362043B8771F11 /* Pods_GrippedAthleticsTests.framework in Frameworks */,
			);
			runOnlyForDeploymentPostprocessing = 0;
		};
		571C7F9A1DBBD09A0071DB04 /* Frameworks */ = {
			isa = PBXFrameworksBuildPhase;
			buildActionMask = 2147483647;
			files = (
				62A4E8121EED1517A7228B66 /* Pods_GrippedAthleticsUITests.framework in Frameworks */,
			);
			runOnlyForDeploymentPostprocessing = 0;
		};
/* End PBXFrameworksBuildPhase section */

/* Begin PBXGroup section */
		000CB4808B5704CB41728396 /* Frameworks */ = {
			isa = PBXGroup;
			children = (
				571C7FD71DBBD5800071DB04 /* CoreData.framework */,
				AB513FD8FACE262FD8277CC6 /* Pods_GrippedAthletics.framework */,
				C5A7D3F0158D13EE4C6645D8 /* Pods_GrippedAthleticsTests.framework */,
				D4F142B5A23D496C87665BE3 /* Pods_GrippedAthleticsUITests.framework */,
			);
			name = Frameworks;
			sourceTree = "<group>";
		};
		571C7F721DBBD09A0071DB04 = {
			isa = PBXGroup;
			children = (
				571C7F7D1DBBD09A0071DB04 /* GrippedAthletics */,
				571C7F951DBBD09A0071DB04 /* GrippedAthleticsTests */,
				571C7FA01DBBD09A0071DB04 /* GrippedAthleticsUITests */,
				571C7F7C1DBBD09A0071DB04 /* Products */,
				EB5AFE7CC2E7DFCBDB5D29E8 /* Pods */,
				000CB4808B5704CB41728396 /* Frameworks */,
			);
			sourceTree = "<group>";
		};
		571C7F7C1DBBD09A0071DB04 /* Products */ = {
			isa = PBXGroup;
			children = (
				571C7F7B1DBBD09A0071DB04 /* GrippedAthletics.app */,
				571C7F921DBBD09A0071DB04 /* GrippedAthleticsTests.xctest */,
				571C7F9D1DBBD09A0071DB04 /* GrippedAthleticsUITests.xctest */,
			);
			name = Products;
			sourceTree = "<group>";
		};
		571C7F7D1DBBD09A0071DB04 /* GrippedAthletics */ = {
			isa = PBXGroup;
			children = (
				571C7F7E1DBBD09A0071DB04 /* AppDelegate.swift */,
				571C7F881DBBD09A0071DB04 /* Assets.xcassets */,
				579DE2C21DBC1BC100D71875 /* Base.lproj */,
				579DE2D11DBC1D9200D71875 /* Auth */,
				571C7FD91DBBDC400071DB04 /* Model */,
				571C7FDC1DBBDC400071DB04 /* Utils */,
				571C7FDD1DBBDC400071DB04 /* View */,
				57D87E501DE0C2DF000435E5 /* Supporting Files */,
			);
			path = GrippedAthletics;
			sourceTree = "<group>";
		};
		571C7F951DBBD09A0071DB04 /* GrippedAthleticsTests */ = {
			isa = PBXGroup;
			children = (
				571C7F961DBBD09A0071DB04 /* GrippedAthleticsTests.swift */,
				571C7F981DBBD09A0071DB04 /* Info.plist */,
			);
			path = GrippedAthleticsTests;
			sourceTree = "<group>";
		};
		571C7FA01DBBD09A0071DB04 /* GrippedAthleticsUITests */ = {
			isa = PBXGroup;
			children = (
				571C7FA11DBBD09A0071DB04 /* GrippedAthleticsUITests.swift */,
				571C7FA31DBBD09A0071DB04 /* Info.plist */,
			);
			path = GrippedAthleticsUITests;
			sourceTree = "<group>";
		};
		571C7FD91DBBDC400071DB04 /* Model */ = {
			isa = PBXGroup;
			children = (
				571C7FDA1DBBDC400071DB04 /* GrippedAthletics.xcdatamodeld */,
				571C7FE21DBBFBB20071DB04 /* DataStore.swift */,
			);
			path = Model;
			sourceTree = "<group>";
		};
		571C7FDC1DBBDC400071DB04 /* Utils */ = {
			isa = PBXGroup;
			children = (
				5758E57F1DF9E9DC00121110 /* Futures.swift */,
				570974B21DFB54CC00D355B9 /* UserDefaults.swift */,
				570974B41DFB58B300D355B9 /* NSError.swift */,
			);
			path = Utils;
			sourceTree = "<group>";
		};
		571C7FDD1DBBDC400071DB04 /* View */ = {
			isa = PBXGroup;
			children = (
				579DE2DB1DBC279800D71875 /* MainViewController.swift */,
				579DE2B01DBC112C00D71875 /* Activity */,
				57D87E5F1DE28A58000435E5 /* Auth */,
				579DE2B11DBC112C00D71875 /* Common */,
				579DE2CC1DBC1D0500D71875 /* Config */,
				579DE2B21DBC112C00D71875 /* Home */,
				579DE2B51DBC112C00D71875 /* Menu */,
				579DE2B61DBC112C00D71875 /* Profile */,
			);
			path = View;
			sourceTree = "<group>";
		};
		579DE2B01DBC112C00D71875 /* Activity */ = {
			isa = PBXGroup;
			children = (
			);
			path = Activity;
			sourceTree = "<group>";
		};
		579DE2B11DBC112C00D71875 /* Common */ = {
			isa = PBXGroup;
			children = (
				579DE2BA1DBC114A00D71875 /* UIViewController.swift */,
				579DE2BE1DBC11AF00D71875 /* UIStoryboard.swift */,
			);
			path = Common;
			sourceTree = "<group>";
		};
		579DE2B21DBC112C00D71875 /* Home */ = {
			isa = PBXGroup;
			children = (
				579DE2B31DBC112C00D71875 /* HomeViewController.swift */,
			);
			path = Home;
			sourceTree = "<group>";
		};
		579DE2B51DBC112C00D71875 /* Menu */ = {
			isa = PBXGroup;
			children = (
				579DE2D51DBC259E00D71875 /* MenuViewController.swift */,
			);
			path = Menu;
			sourceTree = "<group>";
		};
		579DE2B61DBC112C00D71875 /* Profile */ = {
			isa = PBXGroup;
			children = (
				579DE2D71DBC25C000D71875 /* ProfileViewController.swift */,
			);
			path = Profile;
			sourceTree = "<group>";
		};
		579DE2C21DBC1BC100D71875 /* Base.lproj */ = {
			isa = PBXGroup;
			children = (
				579DE2C31DBC1BC100D71875 /* LaunchScreen.storyboard */,
				579DE2C51DBC1BC100D71875 /* Main.storyboard */,
				579DE2C91DBC1BE900D71875 /* Auth.storyboard */,
			);
			path = Base.lproj;
			sourceTree = "<group>";
		};
		579DE2CC1DBC1D0500D71875 /* Config */ = {
			isa = PBXGroup;
			children = (
				579DE2CF1DBC1D3300D71875 /* Config.swift */,
			);
			name = Config;
			path = GrippedAthletics/Config;
			sourceTree = SOURCE_ROOT;
		};
		579DE2D11DBC1D9200D71875 /* Auth */ = {
			isa = PBXGroup;
			children = (
				579DE2D21DBC1DDD00D71875 /* Auth.swift */,
				5758E57D1DF9C95500121110 /* KeyStore.swift */,
			);
			path = Auth;
			sourceTree = "<group>";
		};
		57D87E501DE0C2DF000435E5 /* Supporting Files */ = {
			isa = PBXGroup;
			children = (
				57D87E511DE0C2F1000435E5 /* GoogleService-Info.plist */,
				571C7F8D1DBBD09A0071DB04 /* Info.plist */,
			);
			name = "Supporting Files";
			sourceTree = "<group>";
		};
		57D87E5F1DE28A58000435E5 /* Auth */ = {
			isa = PBXGroup;
			children = (
				5713E3301DF5F17700D06A8A /* AuthFlowViewController.swift */,
				57D87E601DE28A58000435E5 /* AuthPromptViewController.swift */,
				57D87E611DE28A58000435E5 /* AuthTextFieldViewController.swift */,
				57D87E641DE28A58000435E5 /* SignInViewController.swift */,
				57D87E651DE28A58000435E5 /* SignUpConfirmViewController.swift */,
				57D87E661DE28A58000435E5 /* SignUpViewController.swift */,
				57CF08F61DFA317700BFCDB8 /* FacebookLinkPasswordEntryViewController.swift */,
			);
			path = Auth;
			sourceTree = "<group>";
		};
		EB5AFE7CC2E7DFCBDB5D29E8 /* Pods */ = {
			isa = PBXGroup;
			children = (
				241352108402B74476496D70 /* Pods-GrippedAthletics.debug.xcconfig */,
				22E159F69006E254A59FA459 /* Pods-GrippedAthletics.release.xcconfig */,
				9260C71F94BF267EA2669A81 /* Pods-GrippedAthleticsTests.debug.xcconfig */,
				78C37B8AFD3E694A44C7233B /* Pods-GrippedAthleticsTests.release.xcconfig */,
				9F95B1F2A6C91DC9B976F298 /* Pods-GrippedAthleticsUITests.debug.xcconfig */,
				EE5728FDCA3F9FAA6E6EA44C /* Pods-GrippedAthleticsUITests.release.xcconfig */,
			);
			name = Pods;
			sourceTree = "<group>";
		};
/* End PBXGroup section */

/* Begin PBXNativeTarget section */
		571C7F7A1DBBD09A0071DB04 /* GrippedAthletics */ = {
			isa = PBXNativeTarget;
			buildConfigurationList = 571C7FA61DBBD09A0071DB04 /* Build configuration list for PBXNativeTarget "GrippedAthletics" */;
			buildPhases = (
				17739784FBC1EB8B6FB2B479 /* [CP] Check Pods Manifest.lock */,
				571C7F771DBBD09A0071DB04 /* Sources */,
				571C7F781DBBD09A0071DB04 /* Frameworks */,
				571C7F791DBBD09A0071DB04 /* Resources */,
				DC36B3DB05B5ED5D4F7887FF /* [CP] Embed Pods Frameworks */,
				DF2CF9C2A6A53EB860E83802 /* [CP] Copy Pods Resources */,
				57D87E4F1DE0C260000435E5 /* ShellScript */,
			);
			buildRules = (
			);
			dependencies = (
			);
			name = GrippedAthletics;
			productName = GrippedAthletics;
			productReference = 571C7F7B1DBBD09A0071DB04 /* GrippedAthletics.app */;
			productType = "com.apple.product-type.application";
		};
		571C7F911DBBD09A0071DB04 /* GrippedAthleticsTests */ = {
			isa = PBXNativeTarget;
			buildConfigurationList = 571C7FA91DBBD09A0071DB04 /* Build configuration list for PBXNativeTarget "GrippedAthleticsTests" */;
			buildPhases = (
				33890F2D5384156EF1024902 /* [CP] Check Pods Manifest.lock */,
				571C7F8E1DBBD09A0071DB04 /* Sources */,
				571C7F8F1DBBD09A0071DB04 /* Frameworks */,
				571C7F901DBBD09A0071DB04 /* Resources */,
				3AD2CA6E66F0D5DEA0FF4233 /* [CP] Embed Pods Frameworks */,
				E702A174676E5B241EB4004C /* [CP] Copy Pods Resources */,
			);
			buildRules = (
			);
			dependencies = (
				571C7F941DBBD09A0071DB04 /* PBXTargetDependency */,
			);
			name = GrippedAthleticsTests;
			productName = GrippedAthleticsTests;
			productReference = 571C7F921DBBD09A0071DB04 /* GrippedAthleticsTests.xctest */;
			productType = "com.apple.product-type.bundle.unit-test";
		};
		571C7F9C1DBBD09A0071DB04 /* GrippedAthleticsUITests */ = {
			isa = PBXNativeTarget;
			buildConfigurationList = 571C7FAC1DBBD09A0071DB04 /* Build configuration list for PBXNativeTarget "GrippedAthleticsUITests" */;
			buildPhases = (
				E5F993361D80222315526179 /* [CP] Check Pods Manifest.lock */,
				571C7F991DBBD09A0071DB04 /* Sources */,
				571C7F9A1DBBD09A0071DB04 /* Frameworks */,
				571C7F9B1DBBD09A0071DB04 /* Resources */,
				367CBEC193282E6908E02E45 /* [CP] Copy Pods Resources */,
				6DBBB91795506CD340B0D738 /* [CP] Embed Pods Frameworks */,
			);
			buildRules = (
			);
			dependencies = (
				571C7F9F1DBBD09A0071DB04 /* PBXTargetDependency */,
			);
			name = GrippedAthleticsUITests;
			productName = GrippedAthleticsUITests;
			productReference = 571C7F9D1DBBD09A0071DB04 /* GrippedAthleticsUITests.xctest */;
			productType = "com.apple.product-type.bundle.ui-testing";
		};
/* End PBXNativeTarget section */

/* Begin PBXProject section */
		571C7F731DBBD09A0071DB04 /* Project object */ = {
			isa = PBXProject;
			attributes = {
				LastSwiftUpdateCheck = 0800;
				LastUpgradeCheck = 0820;
				ORGANIZATIONNAME = GrippedAthletics;
				TargetAttributes = {
					571C7F7A1DBBD09A0071DB04 = {
						CreatedOnToolsVersion = 8.0;
						DevelopmentTeam = WNVLT95ZEN;
						ProvisioningStyle = Automatic;
					};
					571C7F911DBBD09A0071DB04 = {
						CreatedOnToolsVersion = 8.0;
						DevelopmentTeam = WNVLT95ZEN;
						ProvisioningStyle = Automatic;
						TestTargetID = 571C7F7A1DBBD09A0071DB04;
					};
					571C7F9C1DBBD09A0071DB04 = {
						CreatedOnToolsVersion = 8.0;
						DevelopmentTeam = WNVLT95ZEN;
						ProvisioningStyle = Automatic;
						TestTargetID = 571C7F7A1DBBD09A0071DB04;
					};
				};
			};
			buildConfigurationList = 571C7F761DBBD09A0071DB04 /* Build configuration list for PBXProject "GrippedAthletics" */;
			compatibilityVersion = "Xcode 3.2";
			developmentRegion = English;
			hasScannedForEncodings = 0;
			knownRegions = (
				en,
				Base,
			);
			mainGroup = 571C7F721DBBD09A0071DB04;
			productRefGroup = 571C7F7C1DBBD09A0071DB04 /* Products */;
			projectDirPath = "";
			projectRoot = "";
			targets = (
				571C7F7A1DBBD09A0071DB04 /* GrippedAthletics */,
				571C7F911DBBD09A0071DB04 /* GrippedAthleticsTests */,
				571C7F9C1DBBD09A0071DB04 /* GrippedAthleticsUITests */,
			);
		};
/* End PBXProject section */

/* Begin PBXResourcesBuildPhase section */
		571C7F791DBBD09A0071DB04 /* Resources */ = {
			isa = PBXResourcesBuildPhase;
			buildActionMask = 2147483647;
			files = (
				579DE2CB1DBC1BE900D71875 /* Auth.storyboard in Resources */,
				579DE2C81DBC1BC100D71875 /* Main.storyboard in Resources */,
				57D87E521DE0C2F1000435E5 /* GoogleService-Info.plist in Resources */,
				571C7F891DBBD09A0071DB04 /* Assets.xcassets in Resources */,
				579DE2C71DBC1BC100D71875 /* LaunchScreen.storyboard in Resources */,
			);
			runOnlyForDeploymentPostprocessing = 0;
		};
		571C7F901DBBD09A0071DB04 /* Resources */ = {
			isa = PBXResourcesBuildPhase;
			buildActionMask = 2147483647;
			files = (
			);
			runOnlyForDeploymentPostprocessing = 0;
		};
		571C7F9B1DBBD09A0071DB04 /* Resources */ = {
			isa = PBXResourcesBuildPhase;
			buildActionMask = 2147483647;
			files = (
			);
			runOnlyForDeploymentPostprocessing = 0;
		};
/* End PBXResourcesBuildPhase section */

/* Begin PBXShellScriptBuildPhase section */
		17739784FBC1EB8B6FB2B479 /* [CP] Check Pods Manifest.lock */ = {
			isa = PBXShellScriptBuildPhase;
			buildActionMask = 2147483647;
			files = (
			);
			inputPaths = (
			);
			name = "[CP] Check Pods Manifest.lock";
			outputPaths = (
			);
			runOnlyForDeploymentPostprocessing = 0;
			shellPath = /bin/sh;
			shellScript = "diff \"${PODS_ROOT}/../Podfile.lock\" \"${PODS_ROOT}/Manifest.lock\" > /dev/null\nif [ $? != 0 ] ; then\n    # print error to STDERR\n    echo \"error: The sandbox is not in sync with the Podfile.lock. Run 'pod install' or update your CocoaPods installation.\" >&2\n    exit 1\nfi\n";
			showEnvVarsInLog = 0;
		};
		33890F2D5384156EF1024902 /* [CP] Check Pods Manifest.lock */ = {
			isa = PBXShellScriptBuildPhase;
			buildActionMask = 2147483647;
			files = (
			);
			inputPaths = (
			);
			name = "[CP] Check Pods Manifest.lock";
			outputPaths = (
			);
			runOnlyForDeploymentPostprocessing = 0;
			shellPath = /bin/sh;
			shellScript = "diff \"${PODS_ROOT}/../Podfile.lock\" \"${PODS_ROOT}/Manifest.lock\" > /dev/null\nif [ $? != 0 ] ; then\n    # print error to STDERR\n    echo \"error: The sandbox is not in sync with the Podfile.lock. Run 'pod install' or update your CocoaPods installation.\" >&2\n    exit 1\nfi\n";
			showEnvVarsInLog = 0;
		};
		367CBEC193282E6908E02E45 /* [CP] Copy Pods Resources */ = {
			isa = PBXShellScriptBuildPhase;
			buildActionMask = 2147483647;
			files = (
			);
			inputPaths = (
			);
			name = "[CP] Copy Pods Resources";
			outputPaths = (
			);
			runOnlyForDeploymentPostprocessing = 0;
			shellPath = /bin/sh;
			shellScript = "\"${SRCROOT}/Pods/Target Support Files/Pods-GrippedAthleticsUITests/Pods-GrippedAthleticsUITests-resources.sh\"\n";
			showEnvVarsInLog = 0;
		};
		3AD2CA6E66F0D5DEA0FF4233 /* [CP] Embed Pods Frameworks */ = {
			isa = PBXShellScriptBuildPhase;
			buildActionMask = 2147483647;
			files = (
			);
			inputPaths = (
			);
			name = "[CP] Embed Pods Frameworks";
			outputPaths = (
			);
			runOnlyForDeploymentPostprocessing = 0;
			shellPath = /bin/sh;
			shellScript = "\"${SRCROOT}/Pods/Target Support Files/Pods-GrippedAthleticsTests/Pods-GrippedAthleticsTests-frameworks.sh\"\n";
			showEnvVarsInLog = 0;
		};
		57D87E4F1DE0C260000435E5 /* ShellScript */ = {
			isa = PBXShellScriptBuildPhase;
			buildActionMask = 2147483647;
			files = (
			);
			inputPaths = (
			);
			outputPaths = (
			);
			runOnlyForDeploymentPostprocessing = 0;
			shellPath = /bin/sh;
			shellScript = "\nGOOGLE_APP_ID=1:555892778353:ios:7a579a73186244a8\n\n\"${PODS_ROOT}\"/FirebaseCrash/upload-sym \"${SOURCE_ROOT}/GrippedAthletics/ServiceAccount.json\"";
		};
		6DBBB91795506CD340B0D738 /* [CP] Embed Pods Frameworks */ = {
			isa = PBXShellScriptBuildPhase;
			buildActionMask = 2147483647;
			files = (
			);
			inputPaths = (
			);
			name = "[CP] Embed Pods Frameworks";
			outputPaths = (
			);
			runOnlyForDeploymentPostprocessing = 0;
			shellPath = /bin/sh;
			shellScript = "\"${SRCROOT}/Pods/Target Support Files/Pods-GrippedAthleticsUITests/Pods-GrippedAthleticsUITests-frameworks.sh\"\n";
			showEnvVarsInLog = 0;
		};
		DC36B3DB05B5ED5D4F7887FF /* [CP] Embed Pods Frameworks */ = {
			isa = PBXShellScriptBuildPhase;
			buildActionMask = 2147483647;
			files = (
			);
			inputPaths = (
			);
			name = "[CP] Embed Pods Frameworks";
			outputPaths = (
			);
			runOnlyForDeploymentPostprocessing = 0;
			shellPath = /bin/sh;
			shellScript = "\"${SRCROOT}/Pods/Target Support Files/Pods-GrippedAthletics/Pods-GrippedAthletics-frameworks.sh\"\n";
			showEnvVarsInLog = 0;
		};
		DF2CF9C2A6A53EB860E83802 /* [CP] Copy Pods Resources */ = {
			isa = PBXShellScriptBuildPhase;
			buildActionMask = 2147483647;
			files = (
			);
			inputPaths = (
			);
			name = "[CP] Copy Pods Resources";
			outputPaths = (
			);
			runOnlyForDeploymentPostprocessing = 0;
			shellPath = /bin/sh;
			shellScript = "\"${SRCROOT}/Pods/Target Support Files/Pods-GrippedAthletics/Pods-GrippedAthletics-resources.sh\"\n";
			showEnvVarsInLog = 0;
		};
		E5F993361D80222315526179 /* [CP] Check Pods Manifest.lock */ = {
			isa = PBXShellScriptBuildPhase;
			buildActionMask = 2147483647;
			files = (
			);
			inputPaths = (
			);
			name = "[CP] Check Pods Manifest.lock";
			outputPaths = (
			);
			runOnlyForDeploymentPostprocessing = 0;
			shellPath = /bin/sh;
			shellScript = "diff \"${PODS_ROOT}/../Podfile.lock\" \"${PODS_ROOT}/Manifest.lock\" > /dev/null\nif [ $? != 0 ] ; then\n    # print error to STDERR\n    echo \"error: The sandbox is not in sync with the Podfile.lock. Run 'pod install' or update your CocoaPods installation.\" >&2\n    exit 1\nfi\n";
			showEnvVarsInLog = 0;
		};
		E702A174676E5B241EB4004C /* [CP] Copy Pods Resources */ = {
			isa = PBXShellScriptBuildPhase;
			buildActionMask = 2147483647;
			files = (
			);
			inputPaths = (
			);
			name = "[CP] Copy Pods Resources";
			outputPaths = (
			);
			runOnlyForDeploymentPostprocessing = 0;
			shellPath = /bin/sh;
			shellScript = "\"${SRCROOT}/Pods/Target Support Files/Pods-GrippedAthleticsTests/Pods-GrippedAthleticsTests-resources.sh\"\n";
			showEnvVarsInLog = 0;
		};
/* End PBXShellScriptBuildPhase section */

/* Begin PBXSourcesBuildPhase section */
		571C7F771DBBD09A0071DB04 /* Sources */ = {
			isa = PBXSourcesBuildPhase;
			buildActionMask = 2147483647;
			files = (
				579DE2DC1DBC279800D71875 /* MainViewController.swift in Sources */,
				570974B51DFB58B300D355B9 /* NSError.swift in Sources */,
				579DE2B71DBC112C00D71875 /* HomeViewController.swift in Sources */,
				57D87E681DE28A58000435E5 /* AuthTextFieldViewController.swift in Sources */,
				579DE2D61DBC259E00D71875 /* MenuViewController.swift in Sources */,
				579DE2D31DBC1DDD00D71875 /* Auth.swift in Sources */,
				570974B31DFB54CC00D355B9 /* UserDefaults.swift in Sources */,
				571C7FDF1DBBDC400071DB04 /* GrippedAthletics.xcdatamodeld in Sources */,
				5713E3311DF5F17700D06A8A /* AuthFlowViewController.swift in Sources */,
				57D87E6D1DE28A58000435E5 /* SignUpViewController.swift in Sources */,
				5758E57E1DF9C95500121110 /* KeyStore.swift in Sources */,
				57D87E6B1DE28A58000435E5 /* SignInViewController.swift in Sources */,
				579DE2BB1DBC114A00D71875 /* UIViewController.swift in Sources */,
				5758E5801DF9E9DC00121110 /* Futures.swift in Sources */,
				57D87E6C1DE28A58000435E5 /* SignUpConfirmViewController.swift in Sources */,
				571C7FE31DBBFBB20071DB04 /* DataStore.swift in Sources */,
				579DE2D81DBC25C000D71875 /* ProfileViewController.swift in Sources */,
				571C7F7F1DBBD09A0071DB04 /* AppDelegate.swift in Sources */,
				57D87E671DE28A58000435E5 /* AuthPromptViewController.swift in Sources */,
				579DE2D01DBC1D3300D71875 /* Config.swift in Sources */,
				57CF08F71DFA317700BFCDB8 /* FacebookLinkPasswordEntryViewController.swift in Sources */,
				579DE2BF1DBC11AF00D71875 /* UIStoryboard.swift in Sources */,
			);
			runOnlyForDeploymentPostprocessing = 0;
		};
		571C7F8E1DBBD09A0071DB04 /* Sources */ = {
			isa = PBXSourcesBuildPhase;
			buildActionMask = 2147483647;
			files = (
				579DE2C01DBC11AF00D71875 /* UIStoryboard.swift in Sources */,
				571C7F971DBBD09A0071DB04 /* GrippedAthleticsTests.swift in Sources */,
				579DE2B81DBC112C00D71875 /* HomeViewController.swift in Sources */,
				579DE2BC1DBC114A00D71875 /* UIViewController.swift in Sources */,
			);
			runOnlyForDeploymentPostprocessing = 0;
		};
		571C7F991DBBD09A0071DB04 /* Sources */ = {
			isa = PBXSourcesBuildPhase;
			buildActionMask = 2147483647;
			files = (
				579DE2C11DBC11AF00D71875 /* UIStoryboard.swift in Sources */,
				571C7FA21DBBD09A0071DB04 /* GrippedAthleticsUITests.swift in Sources */,
				579DE2B91DBC112C00D71875 /* HomeViewController.swift in Sources */,
				579DE2BD1DBC114A00D71875 /* UIViewController.swift in Sources */,
			);
			runOnlyForDeploymentPostprocessing = 0;
		};
/* End PBXSourcesBuildPhase section */

/* Begin PBXTargetDependency section */
		571C7F941DBBD09A0071DB04 /* PBXTargetDependency */ = {
			isa = PBXTargetDependency;
			target = 571C7F7A1DBBD09A0071DB04 /* GrippedAthletics */;
			targetProxy = 571C7F931DBBD09A0071DB04 /* PBXContainerItemProxy */;
		};
		571C7F9F1DBBD09A0071DB04 /* PBXTargetDependency */ = {
			isa = PBXTargetDependency;
			target = 571C7F7A1DBBD09A0071DB04 /* GrippedAthletics */;
			targetProxy = 571C7F9E1DBBD09A0071DB04 /* PBXContainerItemProxy */;
		};
/* End PBXTargetDependency section */

/* Begin PBXVariantGroup section */
		579DE2C31DBC1BC100D71875 /* LaunchScreen.storyboard */ = {
			isa = PBXVariantGroup;
			children = (
				579DE2C41DBC1BC100D71875 /* Base */,
			);
			name = LaunchScreen.storyboard;
			sourceTree = "<group>";
		};
		579DE2C51DBC1BC100D71875 /* Main.storyboard */ = {
			isa = PBXVariantGroup;
			children = (
				579DE2C61DBC1BC100D71875 /* Base */,
			);
			name = Main.storyboard;
			sourceTree = "<group>";
		};
		579DE2C91DBC1BE900D71875 /* Auth.storyboard */ = {
			isa = PBXVariantGroup;
			children = (
				579DE2CA1DBC1BE900D71875 /* Base */,
			);
			name = Auth.storyboard;
			sourceTree = "<group>";
		};
/* End PBXVariantGroup section */

/* Begin XCBuildConfiguration section */
		571C7FA41DBBD09A0071DB04 /* Debug */ = {
			isa = XCBuildConfiguration;
			buildSettings = {
				ALWAYS_SEARCH_USER_PATHS = NO;
				CLANG_ANALYZER_NONNULL = YES;
				CLANG_CXX_LANGUAGE_STANDARD = "gnu++0x";
				CLANG_CXX_LIBRARY = "libc++";
				CLANG_ENABLE_MODULES = YES;
				CLANG_ENABLE_OBJC_ARC = YES;
				CLANG_WARN_BOOL_CONVERSION = YES;
				CLANG_WARN_CONSTANT_CONVERSION = YES;
				CLANG_WARN_DIRECT_OBJC_ISA_USAGE = YES_ERROR;
				CLANG_WARN_DOCUMENTATION_COMMENTS = YES;
				CLANG_WARN_EMPTY_BODY = YES;
				CLANG_WARN_ENUM_CONVERSION = YES;
				CLANG_WARN_INFINITE_RECURSION = YES;
				CLANG_WARN_INT_CONVERSION = YES;
				CLANG_WARN_OBJC_ROOT_CLASS = YES_ERROR;
				CLANG_WARN_SUSPICIOUS_MOVE = YES;
				CLANG_WARN_SUSPICIOUS_MOVES = YES;
				CLANG_WARN_UNREACHABLE_CODE = YES;
				CLANG_WARN__DUPLICATE_METHOD_MATCH = YES;
				"CODE_SIGN_IDENTITY[sdk=iphoneos*]" = "iPhone Developer";
				COPY_PHASE_STRIP = NO;
				DEBUG_INFORMATION_FORMAT = dwarf;
				ENABLE_STRICT_OBJC_MSGSEND = YES;
				ENABLE_TESTABILITY = YES;
				GCC_C_LANGUAGE_STANDARD = gnu99;
				GCC_DYNAMIC_NO_PIC = NO;
				GCC_NO_COMMON_BLOCKS = YES;
				GCC_OPTIMIZATION_LEVEL = 0;
				GCC_PREPROCESSOR_DEFINITIONS = (
					"DEBUG=1",
					"$(inherited)",
				);
				GCC_WARN_64_TO_32_BIT_CONVERSION = YES;
				GCC_WARN_ABOUT_RETURN_TYPE = YES_ERROR;
				GCC_WARN_UNDECLARED_SELECTOR = YES;
				GCC_WARN_UNINITIALIZED_AUTOS = YES_AGGRESSIVE;
				GCC_WARN_UNUSED_FUNCTION = YES;
				GCC_WARN_UNUSED_VARIABLE = YES;
				IPHONEOS_DEPLOYMENT_TARGET = 10.0;
				MTL_ENABLE_DEBUG_INFO = YES;
				ONLY_ACTIVE_ARCH = YES;
				SDKROOT = iphoneos;
				SWIFT_ACTIVE_COMPILATION_CONDITIONS = DEBUG;
				SWIFT_OPTIMIZATION_LEVEL = "-Onone";
				TARGETED_DEVICE_FAMILY = "1,2";
			};
			name = Debug;
		};
		571C7FA51DBBD09A0071DB04 /* Release */ = {
			isa = XCBuildConfiguration;
			buildSettings = {
				ALWAYS_SEARCH_USER_PATHS = NO;
				CLANG_ANALYZER_NONNULL = YES;
				CLANG_CXX_LANGUAGE_STANDARD = "gnu++0x";
				CLANG_CXX_LIBRARY = "libc++";
				CLANG_ENABLE_MODULES = YES;
				CLANG_ENABLE_OBJC_ARC = YES;
				CLANG_WARN_BOOL_CONVERSION = YES;
				CLANG_WARN_CONSTANT_CONVERSION = YES;
				CLANG_WARN_DIRECT_OBJC_ISA_USAGE = YES_ERROR;
				CLANG_WARN_DOCUMENTATION_COMMENTS = YES;
				CLANG_WARN_EMPTY_BODY = YES;
				CLANG_WARN_ENUM_CONVERSION = YES;
				CLANG_WARN_INFINITE_RECURSION = YES;
				CLANG_WARN_INT_CONVERSION = YES;
				CLANG_WARN_OBJC_ROOT_CLASS = YES_ERROR;
				CLANG_WARN_SUSPICIOUS_MOVE = YES;
				CLANG_WARN_SUSPICIOUS_MOVES = YES;
				CLANG_WARN_UNREACHABLE_CODE = YES;
				CLANG_WARN__DUPLICATE_METHOD_MATCH = YES;
				"CODE_SIGN_IDENTITY[sdk=iphoneos*]" = "iPhone Developer";
				COPY_PHASE_STRIP = NO;
				DEBUG_INFORMATION_FORMAT = "dwarf-with-dsym";
				ENABLE_NS_ASSERTIONS = NO;
				ENABLE_STRICT_OBJC_MSGSEND = YES;
				GCC_C_LANGUAGE_STANDARD = gnu99;
				GCC_NO_COMMON_BLOCKS = YES;
				GCC_WARN_64_TO_32_BIT_CONVERSION = YES;
				GCC_WARN_ABOUT_RETURN_TYPE = YES_ERROR;
				GCC_WARN_UNDECLARED_SELECTOR = YES;
				GCC_WARN_UNINITIALIZED_AUTOS = YES_AGGRESSIVE;
				GCC_WARN_UNUSED_FUNCTION = YES;
				GCC_WARN_UNUSED_VARIABLE = YES;
				IPHONEOS_DEPLOYMENT_TARGET = 10.0;
				MTL_ENABLE_DEBUG_INFO = NO;
				SDKROOT = iphoneos;
				SWIFT_OPTIMIZATION_LEVEL = "-Owholemodule";
				TARGETED_DEVICE_FAMILY = "1,2";
				VALIDATE_PRODUCT = YES;
			};
			name = Release;
		};
		571C7FA71DBBD09A0071DB04 /* Debug */ = {
			isa = XCBuildConfiguration;
			baseConfigurationReference = 241352108402B74476496D70 /* Pods-GrippedAthletics.debug.xcconfig */;
			buildSettings = {
				ALWAYS_EMBED_SWIFT_STANDARD_LIBRARIES = YES;
				ASSETCATALOG_COMPILER_APPICON_NAME = AppIcon;
				DEVELOPMENT_TEAM = WNVLT95ZEN;
				INFOPLIST_FILE = GrippedAthletics/Info.plist;
				LD_RUNPATH_SEARCH_PATHS = "$(inherited) @executable_path/Frameworks";
				PRODUCT_BUNDLE_IDENTIFIER = com.grippedathletics.GrippedAthletics;
				PRODUCT_NAME = "$(TARGET_NAME)";
				SWIFT_VERSION = 3.0;
			};
			name = Debug;
		};
		571C7FA81DBBD09A0071DB04 /* Release */ = {
			isa = XCBuildConfiguration;
			baseConfigurationReference = 22E159F69006E254A59FA459 /* Pods-GrippedAthletics.release.xcconfig */;
			buildSettings = {
				ALWAYS_EMBED_SWIFT_STANDARD_LIBRARIES = YES;
				ASSETCATALOG_COMPILER_APPICON_NAME = AppIcon;
				DEVELOPMENT_TEAM = WNVLT95ZEN;
				INFOPLIST_FILE = GrippedAthletics/Info.plist;
				LD_RUNPATH_SEARCH_PATHS = "$(inherited) @executable_path/Frameworks";
				PRODUCT_BUNDLE_IDENTIFIER = com.grippedathletics.GrippedAthletics;
				PRODUCT_NAME = "$(TARGET_NAME)";
				SWIFT_VERSION = 3.0;
			};
			name = Release;
		};
		571C7FAA1DBBD09A0071DB04 /* Debug */ = {
			isa = XCBuildConfiguration;
			baseConfigurationReference = 9260C71F94BF267EA2669A81 /* Pods-GrippedAthleticsTests.debug.xcconfig */;
			buildSettings = {
				ALWAYS_EMBED_SWIFT_STANDARD_LIBRARIES = "$(inherited)";
				BUNDLE_LOADER = "$(TEST_HOST)";
				DEVELOPMENT_TEAM = WNVLT95ZEN;
				INFOPLIST_FILE = GrippedAthleticsTests/Info.plist;
				LD_RUNPATH_SEARCH_PATHS = "$(inherited) @executable_path/Frameworks @loader_path/Frameworks";
				PRODUCT_BUNDLE_IDENTIFIER = com.grippedathletics.GrippedAthleticsTests;
				PRODUCT_NAME = "$(TARGET_NAME)";
				SWIFT_VERSION = 3.0;
				TEST_HOST = "$(BUILT_PRODUCTS_DIR)/GrippedAthletics.app/GrippedAthletics";
			};
			name = Debug;
		};
		571C7FAB1DBBD09A0071DB04 /* Release */ = {
			isa = XCBuildConfiguration;
			baseConfigurationReference = 78C37B8AFD3E694A44C7233B /* Pods-GrippedAthleticsTests.release.xcconfig */;
			buildSettings = {
				ALWAYS_EMBED_SWIFT_STANDARD_LIBRARIES = "$(inherited)";
				BUNDLE_LOADER = "$(TEST_HOST)";
				DEVELOPMENT_TEAM = WNVLT95ZEN;
				INFOPLIST_FILE = GrippedAthleticsTests/Info.plist;
				LD_RUNPATH_SEARCH_PATHS = "$(inherited) @executable_path/Frameworks @loader_path/Frameworks";
				PRODUCT_BUNDLE_IDENTIFIER = com.grippedathletics.GrippedAthleticsTests;
				PRODUCT_NAME = "$(TARGET_NAME)";
				SWIFT_VERSION = 3.0;
				TEST_HOST = "$(BUILT_PRODUCTS_DIR)/GrippedAthletics.app/GrippedAthletics";
			};
			name = Release;
		};
		571C7FAD1DBBD09A0071DB04 /* Debug */ = {
			isa = XCBuildConfiguration;
			baseConfigurationReference = 9F95B1F2A6C91DC9B976F298 /* Pods-GrippedAthleticsUITests.debug.xcconfig */;
			buildSettings = {
				ALWAYS_EMBED_SWIFT_STANDARD_LIBRARIES = "$(inherited)";
				DEVELOPMENT_TEAM = WNVLT95ZEN;
				INFOPLIST_FILE = GrippedAthleticsUITests/Info.plist;
				LD_RUNPATH_SEARCH_PATHS = "$(inherited) @executable_path/Frameworks @loader_path/Frameworks";
				PRODUCT_BUNDLE_IDENTIFIER = com.grippedathletics.GrippedAthleticsUITests;
				PRODUCT_NAME = "$(TARGET_NAME)";
				SWIFT_VERSION = 3.0;
				TEST_TARGET_NAME = GrippedAthletics;
			};
			name = Debug;
		};
		571C7FAE1DBBD09A0071DB04 /* Release */ = {
			isa = XCBuildConfiguration;
			baseConfigurationReference = EE5728FDCA3F9FAA6E6EA44C /* Pods-GrippedAthleticsUITests.release.xcconfig */;
			buildSettings = {
				ALWAYS_EMBED_SWIFT_STANDARD_LIBRARIES = "$(inherited)";
				DEVELOPMENT_TEAM = WNVLT95ZEN;
				INFOPLIST_FILE = GrippedAthleticsUITests/Info.plist;
				LD_RUNPATH_SEARCH_PATHS = "$(inherited) @executable_path/Frameworks @loader_path/Frameworks";
				PRODUCT_BUNDLE_IDENTIFIER = com.grippedathletics.GrippedAthleticsUITests;
				PRODUCT_NAME = "$(TARGET_NAME)";
				SWIFT_VERSION = 3.0;
				TEST_TARGET_NAME = GrippedAthletics;
			};
			name = Release;
		};
/* End XCBuildConfiguration section */

/* Begin XCConfigurationList section */
		571C7F761DBBD09A0071DB04 /* Build configuration list for PBXProject "GrippedAthletics" */ = {
			isa = XCConfigurationList;
			buildConfigurations = (
				571C7FA41DBBD09A0071DB04 /* Debug */,
				571C7FA51DBBD09A0071DB04 /* Release */,
			);
			defaultConfigurationIsVisible = 0;
			defaultConfigurationName = Release;
		};
		571C7FA61DBBD09A0071DB04 /* Build configuration list for PBXNativeTarget "GrippedAthletics" */ = {
			isa = XCConfigurationList;
			buildConfigurations = (
				571C7FA71DBBD09A0071DB04 /* Debug */,
				571C7FA81DBBD09A0071DB04 /* Release */,
			);
			defaultConfigurationIsVisible = 0;
			defaultConfigurationName = Release;
		};
		571C7FA91DBBD09A0071DB04 /* Build configuration list for PBXNativeTarget "GrippedAthleticsTests" */ = {
			isa = XCConfigurationList;
			buildConfigurations = (
				571C7FAA1DBBD09A0071DB04 /* Debug */,
				571C7FAB1DBBD09A0071DB04 /* Release */,
			);
			defaultConfigurationIsVisible = 0;
			defaultConfigurationName = Release;
		};
		571C7FAC1DBBD09A0071DB04 /* Build configuration list for PBXNativeTarget "GrippedAthleticsUITests" */ = {
			isa = XCConfigurationList;
			buildConfigurations = (
				571C7FAD1DBBD09A0071DB04 /* Debug */,
				571C7FAE1DBBD09A0071DB04 /* Release */,
			);
			defaultConfigurationIsVisible = 0;
			defaultConfigurationName = Release;
		};
/* End XCConfigurationList section */

/* Begin XCVersionGroup section */
		571C7FDA1DBBDC400071DB04 /* GrippedAthletics.xcdatamodeld */ = {
			isa = XCVersionGroup;
			children = (
				571C7FDB1DBBDC400071DB04 /* GrippedAthletics.xcdatamodel */,
			);
			currentVersion = 571C7FDB1DBBDC400071DB04 /* GrippedAthletics.xcdatamodel */;
			path = GrippedAthletics.xcdatamodeld;
			sourceTree = "<group>";
			versionGroupType = wrapper.xcdatamodel;
		};
/* End XCVersionGroup section */
	};
	rootObject = 571C7F731DBBD09A0071DB04 /* Project object */;
}
